Microsoft Visual Studio Solution File, Format Version 12.00
# Visual Studio Version 17
VisualStudioVersion = 17.5.2.0
MinimumVisualStudioVersion = 10.0.40219.1
Project("{FAE04EC0-301F-11D3-BF4B-00C04F79EFBC}") = "MovieDatabase", "MovieDatabase\MovieDatabase.csproj", "{9B042259-7FEB-8547-D26B-7707D3941B64}"
EndProject
Global
	GlobalSection(SolutionConfigurationPlatforms) = preSolution
		Debug|Any CPU = Debug|Any CPU
		Release|Any CPU = Release|Any CPU
	EndGlobalSection
	GlobalSection(ProjectConfigurationPlatforms) = postSolution
		{9B042259-7FEB-8547-D26B-7707D3941B64}.Debug|Any CPU.ActiveCfg = Debug|Any CPU
		{9B042259-7FEB-8547-D26B-7707D3941B64}.Debug|Any CPU.Build.0 = Debug|Any CPU
		{9B042259-7FEB-8547-D26B-7707D3941B64}.Release|Any CPU.ActiveCfg = Release|Any CPU
		{9B042259-7FEB-8547-D26B-7707D3941B64}.Release|Any CPU.Build.0 = Release|Any CPU
	EndGlobalSection
	GlobalSection(SolutionProperties) = preSolution
		HideSolutionNode = FALSE
	EndGlobalSection
	GlobalSection(ExtensibilityGlobals) = postSolution
		SolutionGuid = {D43148F4-DFEE-4517-AC53-E9D9411294DE}
	EndGlobalSection
EndGlobal
